
Microsoft Visual Studio Solution File, Format Version 12.00
# Visual Studio 15
VisualStudioVersion = 15.0.27004.2005
MinimumVisualStudioVersion = 10.0.40219.1
Project("{9A19103F-16F7-4668-BE54-9A1E7A4F7556}") = "01-Convert from base-10 to base-N", "01-Convert from base-10 to base-N\01-Convert from base-10 to base-N.csproj", "{C4512723-4D9C-464E-9F7C-253A99E18E46}"
EndProject
Project("{9A19103F-16F7-4668-BE54-9A1E7A4F7556}") = "02-Convert from base-N to base-10", "02-Convert from base-N to base-10\02-Convert from base-N to base-10.csproj", "{08EF3555-149A-468F-A9A3-2F65BA2311B3}"
EndProject
Project("{9A19103F-16F7-4668-BE54-9A1E7A4F7556}") = "03-Unicode Characters", "03-Unicode Characters\03-Unicode Characters.csproj", "{24F4EDFD-F2B8-4E75-9DDF-8612DD342D13}"
EndProject
Project("{9A19103F-16F7-4668-BE54-9A1E7A4F7556}") = "04-Character Multiplier", "04-Character Multiplier\04-Character Multiplier.csproj", "{8D631209-92B7-4DA8-A877-846D0A808E70}"
EndProject
Project("{9A19103F-16F7-4668-BE54-9A1E7A4F7556}") = "05-Magic exchangeable words", "05-Magic exchangeable words\05-Magic exchangeable words.csproj", "{BB9294D2-15ED-4E95-808D-3F05F969E6EE}"
EndProject
Project("{9A19103F-16F7-4668-BE54-9A1E7A4F7556}") = "06-Sum big numbers", "06-Sum big numbers\06-Sum big numbers.csproj", "{F26C200E-E102-4B44-9F52-E51AAC48BE32}"
EndProject
Project("{FAE04EC0-301F-11D3-BF4B-00C04F79EFBC}") = "07-Multiply big number", "07-Multiply big number\07-Multiply big number.csproj", "{830EF6D2-1163-4965-8032-57A77A4D63FE}"
EndProject
Project("{FAE04EC0-301F-11D3-BF4B-00C04F79EFBC}") = "08-Letters Change Numbers", "08-Letters Change Numbers\08-Letters Change Numbers.csproj", "{6EE4ADF2-1A3F-4B75-B70C-34384B00168C}"
EndProject
Global
	GlobalSection(SolutionConfigurationPlatforms) = preSolution
		Debug|Any CPU = Debug|Any CPU
		Release|Any CPU = Release|Any CPU
	EndGlobalSection
	GlobalSection(ProjectConfigurationPlatforms) = postSolution
		{C4512723-4D9C-464E-9F7C-253A99E18E46}.Debug|Any CPU.ActiveCfg = Debug|Any CPU
		{C4512723-4D9C-464E-9F7C-253A99E18E46}.Debug|Any CPU.Build.0 = Debug|Any CPU
		{C4512723-4D9C-464E-9F7C-253A99E18E46}.Release|Any CPU.ActiveCfg = Release|Any CPU
		{C4512723-4D9C-464E-9F7C-253A99E18E46}.Release|Any CPU.Build.0 = Release|Any CPU
		{08EF3555-149A-468F-A9A3-2F65BA2311B3}.Debug|Any CPU.ActiveCfg = Debug|Any CPU
		{08EF3555-149A-468F-A9A3-2F65BA2311B3}.Debug|Any CPU.Build.0 = Debug|Any CPU
		{08EF3555-149A-468F-A9A3-2F65BA2311B3}.Release|Any CPU.ActiveCfg = Release|Any CPU
		{08EF3555-149A-468F-A9A3-2F65BA2311B3}.Release|Any CPU.Build.0 = Release|Any CPU
		{24F4EDFD-F2B8-4E75-9DDF-8612DD342D13}.Debug|Any CPU.ActiveCfg = Debug|Any CPU
		{24F4EDFD-F2B8-4E75-9DDF-8612DD342D13}.Debug|Any CPU.Build.0 = Debug|Any CPU
		{24F4EDFD-F2B8-4E75-9DDF-8612DD342D13}.Release|Any CPU.ActiveCfg = Release|Any CPU
		{24F4EDFD-F2B8-4E75-9DDF-8612DD342D13}.Release|Any CPU.Build.0 = Release|Any CPU
		{8D631209-92B7-4DA8-A877-846D0A808E70}.Debug|Any CPU.ActiveCfg = Debug|Any CPU
		{8D631209-92B7-4DA8-A877-846D0A808E70}.Debug|Any CPU.Build.0 = Debug|Any CPU
		{8D631209-92B7-4DA8-A877-846D0A808E70}.Release|Any CPU.ActiveCfg = Release|Any CPU
		{8D631209-92B7-4DA8-A877-846D0A808E70}.Release|Any CPU.Build.0 = Release|Any CPU
		{BB9294D2-15ED-4E95-808D-3F05F969E6EE}.Debug|Any CPU.ActiveCfg = Debug|Any CPU
		{BB9294D2-15ED-4E95-808D-3F05F969E6EE}.Debug|Any CPU.Build.0 = Debug|Any CPU
		{BB9294D2-15ED-4E95-808D-3F05F969E6EE}.Release|Any CPU.ActiveCfg = Release|Any CPU
		{BB9294D2-15ED-4E95-808D-3F05F969E6EE}.Release|Any CPU.Build.0 = Release|Any CPU
		{F26C200E-E102-4B44-9F52-E51AAC48BE32}.Debug|Any CPU.ActiveCfg = Debug|Any CPU
		{F26C200E-E102-4B44-9F52-E51AAC48BE32}.Debug|Any CPU.Build.0 = Debug|Any CPU
		{F26C200E-E102-4B44-9F52-E51AAC48BE32}.Release|Any CPU.ActiveCfg = Release|Any CPU
		{F26C200E-E102-4B44-9F52-E51AAC48BE32}.Release|Any CPU.Build.0 = Release|Any CPU
		{830EF6D2-1163-4965-8032-57A77A4D63FE}.Debug|Any CPU.ActiveCfg = Debug|Any CPU
		{830EF6D2-1163-4965-8032-57A77A4D63FE}.Debug|Any CPU.Build.0 = Debug|Any CPU
		{830EF6D2-1163-4965-8032-57A77A4D63FE}.Release|Any CPU.ActiveCfg = Release|Any CPU
		{830EF6D2-1163-4965-8032-57A77A4D63FE}.Release|Any CPU.Build.0 = Release|Any CPU
		{6EE4ADF2-1A3F-4B75-B70C-34384B00168C}.Debug|Any CPU.ActiveCfg = Debug|Any CPU
		{6EE4ADF2-1A3F-4B75-B70C-34384B00168C}.Debug|Any CPU.Build.0 = Debug|Any CPU
		{6EE4ADF2-1A3F-4B75-B70C-34384B00168C}.Release|Any CPU.ActiveCfg = Release|Any CPU
		{6EE4ADF2-1A3F-4B75-B70C-34384B00168C}.Release|Any CPU.Build.0 = Release|Any CPU
	EndGlobalSection
	GlobalSection(SolutionProperties) = preSolution
		HideSolutionNode = FALSE
	EndGlobalSection
	GlobalSection(ExtensibilityGlobals) = postSolution
		SolutionGuid = {FE9797DE-E74C-4DB6-AC7C-7CEFD44CFBD7}
	EndGlobalSection
EndGlobal
