
Microsoft Visual Studio Solution File, Format Version 12.00
# Visual Studio 15
VisualStudioVersion = 15.0.27004.2002
MinimumVisualStudioVersion = 10.0.40219.1
Project("{9A19103F-16F7-4668-BE54-9A1E7A4F7556}") = "01-Max Sequence of Equal Elements", "01-Max Sequence of Equal Elements\01-Max Sequence of Equal Elements.csproj", "{8455067E-6E15-4454-8F05-910900F304AE}"
EndProject
Project("{9A19103F-16F7-4668-BE54-9A1E7A4F7556}") = "02-Change List", "02-Change List\02-Change List.csproj", "{83FBB797-CD20-4853-945D-E61FACC59050}"
EndProject
Project("{9A19103F-16F7-4668-BE54-9A1E7A4F7556}") = "03-Search for a Number", "03-Search for a Number\03-Search for a Number.csproj", "{6D0AC0B1-1D63-47B1-84C2-C93A81BAB231}"
EndProject
Project("{9A19103F-16F7-4668-BE54-9A1E7A4F7556}") = "05-Array Manipulator", "05-Array Manipulator\05-Array Manipulator.csproj", "{36E6BD3A-FB5C-4B89-AEA3-E9F4535F29A1}"
EndProject
Project("{FAE04EC0-301F-11D3-BF4B-00C04F79EFBC}") = "06-Sum Reversed Numbers", "06-Sum Reversed Numbers\06-Sum Reversed Numbers.csproj", "{57DBACC8-13CD-4667-95D2-1E4E42106544}"
EndProject
Global
	GlobalSection(SolutionConfigurationPlatforms) = preSolution
		Debug|Any CPU = Debug|Any CPU
		Release|Any CPU = Release|Any CPU
	EndGlobalSection
	GlobalSection(ProjectConfigurationPlatforms) = postSolution
		{8455067E-6E15-4454-8F05-910900F304AE}.Debug|Any CPU.ActiveCfg = Debug|Any CPU
		{8455067E-6E15-4454-8F05-910900F304AE}.Debug|Any CPU.Build.0 = Debug|Any CPU
		{8455067E-6E15-4454-8F05-910900F304AE}.Release|Any CPU.ActiveCfg = Release|Any CPU
		{8455067E-6E15-4454-8F05-910900F304AE}.Release|Any CPU.Build.0 = Release|Any CPU
		{83FBB797-CD20-4853-945D-E61FACC59050}.Debug|Any CPU.ActiveCfg = Debug|Any CPU
		{83FBB797-CD20-4853-945D-E61FACC59050}.Debug|Any CPU.Build.0 = Debug|Any CPU
		{83FBB797-CD20-4853-945D-E61FACC59050}.Release|Any CPU.ActiveCfg = Release|Any CPU
		{83FBB797-CD20-4853-945D-E61FACC59050}.Release|Any CPU.Build.0 = Release|Any CPU
		{6D0AC0B1-1D63-47B1-84C2-C93A81BAB231}.Debug|Any CPU.ActiveCfg = Debug|Any CPU
		{6D0AC0B1-1D63-47B1-84C2-C93A81BAB231}.Debug|Any CPU.Build.0 = Debug|Any CPU
		{6D0AC0B1-1D63-47B1-84C2-C93A81BAB231}.Release|Any CPU.ActiveCfg = Release|Any CPU
		{6D0AC0B1-1D63-47B1-84C2-C93A81BAB231}.Release|Any CPU.Build.0 = Release|Any CPU
		{36E6BD3A-FB5C-4B89-AEA3-E9F4535F29A1}.Debug|Any CPU.ActiveCfg = Debug|Any CPU
		{36E6BD3A-FB5C-4B89-AEA3-E9F4535F29A1}.Debug|Any CPU.Build.0 = Debug|Any CPU
		{36E6BD3A-FB5C-4B89-AEA3-E9F4535F29A1}.Release|Any CPU.ActiveCfg = Release|Any CPU
		{36E6BD3A-FB5C-4B89-AEA3-E9F4535F29A1}.Release|Any CPU.Build.0 = Release|Any CPU
		{57DBACC8-13CD-4667-95D2-1E4E42106544}.Debug|Any CPU.ActiveCfg = Debug|Any CPU
		{57DBACC8-13CD-4667-95D2-1E4E42106544}.Debug|Any CPU.Build.0 = Debug|Any CPU
		{57DBACC8-13CD-4667-95D2-1E4E42106544}.Release|Any CPU.ActiveCfg = Release|Any CPU
		{57DBACC8-13CD-4667-95D2-1E4E42106544}.Release|Any CPU.Build.0 = Release|Any CPU
	EndGlobalSection
	GlobalSection(SolutionProperties) = preSolution
		HideSolutionNode = FALSE
	EndGlobalSection
	GlobalSection(ExtensibilityGlobals) = postSolution
		SolutionGuid = {64416C76-A32B-4DEC-BE92-46DC0ED83A44}
	EndGlobalSection
EndGlobal
