
Microsoft Visual Studio Solution File, Format Version 12.00
# Visual Studio 15
VisualStudioVersion = 15.0.26730.16
MinimumVisualStudioVersion = 10.0.40219.1
Project("{FAE04EC0-301F-11D3-BF4B-00C04F79EFBC}") = "01-Largest Common End", "01-Largest Common End\01-Largest Common End.csproj", "{DE6A9C50-E6D1-4A84-9DE0-63D28677F2B3}"
EndProject
Project("{FAE04EC0-301F-11D3-BF4B-00C04F79EFBC}") = "02-Rotate and Sum", "02-Rotate and Sum\02-Rotate and Sum.csproj", "{33195697-5827-4D9B-94AF-5CF345804EB4}"
EndProject
Project("{FAE04EC0-301F-11D3-BF4B-00C04F79EFBC}") = "03-Fold and Sum", "03-Fold and Sum\03-Fold and Sum.csproj", "{61C164F8-CFAD-43EE-9BBA-7415E7B0360F}"
EndProject
Global
	GlobalSection(SolutionConfigurationPlatforms) = preSolution
		Debug|Any CPU = Debug|Any CPU
		Release|Any CPU = Release|Any CPU
	EndGlobalSection
	GlobalSection(ProjectConfigurationPlatforms) = postSolution
		{DE6A9C50-E6D1-4A84-9DE0-63D28677F2B3}.Debug|Any CPU.ActiveCfg = Debug|Any CPU
		{DE6A9C50-E6D1-4A84-9DE0-63D28677F2B3}.Debug|Any CPU.Build.0 = Debug|Any CPU
		{DE6A9C50-E6D1-4A84-9DE0-63D28677F2B3}.Release|Any CPU.ActiveCfg = Release|Any CPU
		{DE6A9C50-E6D1-4A84-9DE0-63D28677F2B3}.Release|Any CPU.Build.0 = Release|Any CPU
		{33195697-5827-4D9B-94AF-5CF345804EB4}.Debug|Any CPU.ActiveCfg = Debug|Any CPU
		{33195697-5827-4D9B-94AF-5CF345804EB4}.Debug|Any CPU.Build.0 = Debug|Any CPU
		{33195697-5827-4D9B-94AF-5CF345804EB4}.Release|Any CPU.ActiveCfg = Release|Any CPU
		{33195697-5827-4D9B-94AF-5CF345804EB4}.Release|Any CPU.Build.0 = Release|Any CPU
		{61C164F8-CFAD-43EE-9BBA-7415E7B0360F}.Debug|Any CPU.ActiveCfg = Debug|Any CPU
		{61C164F8-CFAD-43EE-9BBA-7415E7B0360F}.Debug|Any CPU.Build.0 = Debug|Any CPU
		{61C164F8-CFAD-43EE-9BBA-7415E7B0360F}.Release|Any CPU.ActiveCfg = Release|Any CPU
		{61C164F8-CFAD-43EE-9BBA-7415E7B0360F}.Release|Any CPU.Build.0 = Release|Any CPU
	EndGlobalSection
	GlobalSection(SolutionProperties) = preSolution
		HideSolutionNode = FALSE
	EndGlobalSection
	GlobalSection(ExtensibilityGlobals) = postSolution
		SolutionGuid = {2B1A2446-690C-45FB-825D-7252188A80DD}
	EndGlobalSection
EndGlobal
