
Microsoft Visual Studio Solution File, Format Version 12.00
# Visual Studio 15
VisualStudioVersion = 15.0.26430.16
MinimumVisualStudioVersion = 10.0.40219.1
Project("{FAE04EC0-301F-11D3-BF4B-00C04F79EFBC}") = "problem1", "problem1\problem1.csproj", "{A4E50F4D-9D1D-480C-87FB-BAABF153CA91}"
EndProject
Project("{FAE04EC0-301F-11D3-BF4B-00C04F79EFBC}") = "problem2", "problem2\problem2.csproj", "{B5D05B8F-B6D8-49A5-9BF2-EC628A2BB409}"
EndProject
Project("{FAE04EC0-301F-11D3-BF4B-00C04F79EFBC}") = "problem3", "problem3\problem3.csproj", "{4D1C3FCB-A006-4A56-AB8E-EBB1903F76FA}"
EndProject
Project("{FAE04EC0-301F-11D3-BF4B-00C04F79EFBC}") = "problem4", "problem4\problem4.csproj", "{E5516BF8-46C7-4A72-ACF3-03899FD4ED63}"
EndProject
Project("{FAE04EC0-301F-11D3-BF4B-00C04F79EFBC}") = "ploblem6", "ploblem6\ploblem6.csproj", "{0EEB11B2-A398-46A9-BD76-62B48EDF1699}"
EndProject
Project("{FAE04EC0-301F-11D3-BF4B-00C04F79EFBC}") = "problem61", "problem61\problem61.csproj", "{74D47C53-E919-435F-8772-06A23F136AAF}"
EndProject
Project("{FAE04EC0-301F-11D3-BF4B-00C04F79EFBC}") = "problem62", "problem62\problem62.csproj", "{1001315D-9FE9-4CCF-B190-1295E5C2019E}"
EndProject
Project("{FAE04EC0-301F-11D3-BF4B-00C04F79EFBC}") = "problem64", "problem64\problem64.csproj", "{83F44213-554C-4486-9216-5F1E09C385FC}"
EndProject
Project("{FAE04EC0-301F-11D3-BF4B-00C04F79EFBC}") = "problem1.1", "problem1.1\problem1.1.csproj", "{118B92EE-34B5-48C7-8F11-9CB74B24C8E7}"
EndProject
Project("{FAE04EC0-301F-11D3-BF4B-00C04F79EFBC}") = "problem2.1", "problem2.1\problem2.1.csproj", "{06BBB22F-2B52-4B89-8005-FDEEAD3BB36A}"
EndProject
Project("{FAE04EC0-301F-11D3-BF4B-00C04F79EFBC}") = "problem63", "problem63\problem63.csproj", "{45292ADC-7D27-4385-A32F-284156E838AA}"
EndProject
Project("{FAE04EC0-301F-11D3-BF4B-00C04F79EFBC}") = "problem2.2", "problem2.2\problem2.2.csproj", "{2460157E-BC6E-455F-AC4D-B6B0DB0F1ECA}"
EndProject
Project("{FAE04EC0-301F-11D3-BF4B-00C04F79EFBC}") = "problem3.1", "problem3.1\problem3.1.csproj", "{ADDFF44D-BE3E-4CB5-B324-6EB1003F5B72}"
EndProject
Project("{FAE04EC0-301F-11D3-BF4B-00C04F79EFBC}") = "problem4.1", "problem4.1\problem4.1.csproj", "{FB80FA3C-A01A-4E51-9E1B-54152DFC52DB}"
EndProject
Project("{FAE04EC0-301F-11D3-BF4B-00C04F79EFBC}") = "problem65", "problem65\problem65.csproj", "{07D2AEC1-B664-4BBA-9E6E-498ACD3081A8}"
EndProject
Project("{FAE04EC0-301F-11D3-BF4B-00C04F79EFBC}") = "problem1.2", "problem1.2\problem1.2.csproj", "{238B4D9F-D5BC-4C1C-9760-11B38C849652}"
EndProject
Project("{FAE04EC0-301F-11D3-BF4B-00C04F79EFBC}") = "problem2.3", "problem2.3\problem2.3.csproj", "{17A63E07-219A-41E1-B0ED-E1EE10E54DD0}"
EndProject
Project("{FAE04EC0-301F-11D3-BF4B-00C04F79EFBC}") = "problem4.2", "problem4.2\problem4.2.csproj", "{B431E6E8-23DD-4109-8098-FA0D77E5C15F}"
EndProject
Project("{FAE04EC0-301F-11D3-BF4B-00C04F79EFBC}") = "problem5", "problem5\problem5.csproj", "{D2FBC0A6-8BDC-40DB-9A07-5CA4BAE46292}"
EndProject
Project("{FAE04EC0-301F-11D3-BF4B-00C04F79EFBC}") = "problem66", "problem66\problem66.csproj", "{DBC2DBF0-7555-4E83-872B-B8205543EEF1}"
EndProject
Project("{FAE04EC0-301F-11D3-BF4B-00C04F79EFBC}") = "problem4.3", "problem4.3\problem4.3.csproj", "{4B8F3856-3474-44D4-B538-6F3B86738FBB}"
EndProject
Project("{FAE04EC0-301F-11D3-BF4B-00C04F79EFBC}") = "problem3.2", "problem3.2\problem3.2.csproj", "{1291C9C3-F412-4EF2-9253-B0F48C0779B0}"
EndProject
Global
	GlobalSection(SolutionConfigurationPlatforms) = preSolution
		Debug|Any CPU = Debug|Any CPU
		Release|Any CPU = Release|Any CPU
	EndGlobalSection
	GlobalSection(ProjectConfigurationPlatforms) = postSolution
		{A4E50F4D-9D1D-480C-87FB-BAABF153CA91}.Debug|Any CPU.ActiveCfg = Debug|Any CPU
		{A4E50F4D-9D1D-480C-87FB-BAABF153CA91}.Debug|Any CPU.Build.0 = Debug|Any CPU
		{A4E50F4D-9D1D-480C-87FB-BAABF153CA91}.Release|Any CPU.ActiveCfg = Release|Any CPU
		{A4E50F4D-9D1D-480C-87FB-BAABF153CA91}.Release|Any CPU.Build.0 = Release|Any CPU
		{B5D05B8F-B6D8-49A5-9BF2-EC628A2BB409}.Debug|Any CPU.ActiveCfg = Debug|Any CPU
		{B5D05B8F-B6D8-49A5-9BF2-EC628A2BB409}.Debug|Any CPU.Build.0 = Debug|Any CPU
		{B5D05B8F-B6D8-49A5-9BF2-EC628A2BB409}.Release|Any CPU.ActiveCfg = Release|Any CPU
		{B5D05B8F-B6D8-49A5-9BF2-EC628A2BB409}.Release|Any CPU.Build.0 = Release|Any CPU
		{4D1C3FCB-A006-4A56-AB8E-EBB1903F76FA}.Debug|Any CPU.ActiveCfg = Debug|Any CPU
		{4D1C3FCB-A006-4A56-AB8E-EBB1903F76FA}.Debug|Any CPU.Build.0 = Debug|Any CPU
		{4D1C3FCB-A006-4A56-AB8E-EBB1903F76FA}.Release|Any CPU.ActiveCfg = Release|Any CPU
		{4D1C3FCB-A006-4A56-AB8E-EBB1903F76FA}.Release|Any CPU.Build.0 = Release|Any CPU
		{E5516BF8-46C7-4A72-ACF3-03899FD4ED63}.Debug|Any CPU.ActiveCfg = Debug|Any CPU
		{E5516BF8-46C7-4A72-ACF3-03899FD4ED63}.Debug|Any CPU.Build.0 = Debug|Any CPU
		{E5516BF8-46C7-4A72-ACF3-03899FD4ED63}.Release|Any CPU.ActiveCfg = Release|Any CPU
		{E5516BF8-46C7-4A72-ACF3-03899FD4ED63}.Release|Any CPU.Build.0 = Release|Any CPU
		{0EEB11B2-A398-46A9-BD76-62B48EDF1699}.Debug|Any CPU.ActiveCfg = Debug|Any CPU
		{0EEB11B2-A398-46A9-BD76-62B48EDF1699}.Debug|Any CPU.Build.0 = Debug|Any CPU
		{0EEB11B2-A398-46A9-BD76-62B48EDF1699}.Release|Any CPU.ActiveCfg = Release|Any CPU
		{0EEB11B2-A398-46A9-BD76-62B48EDF1699}.Release|Any CPU.Build.0 = Release|Any CPU
		{74D47C53-E919-435F-8772-06A23F136AAF}.Debug|Any CPU.ActiveCfg = Debug|Any CPU
		{74D47C53-E919-435F-8772-06A23F136AAF}.Debug|Any CPU.Build.0 = Debug|Any CPU
		{74D47C53-E919-435F-8772-06A23F136AAF}.Release|Any CPU.ActiveCfg = Release|Any CPU
		{74D47C53-E919-435F-8772-06A23F136AAF}.Release|Any CPU.Build.0 = Release|Any CPU
		{1001315D-9FE9-4CCF-B190-1295E5C2019E}.Debug|Any CPU.ActiveCfg = Debug|Any CPU
		{1001315D-9FE9-4CCF-B190-1295E5C2019E}.Debug|Any CPU.Build.0 = Debug|Any CPU
		{1001315D-9FE9-4CCF-B190-1295E5C2019E}.Release|Any CPU.ActiveCfg = Release|Any CPU
		{1001315D-9FE9-4CCF-B190-1295E5C2019E}.Release|Any CPU.Build.0 = Release|Any CPU
		{83F44213-554C-4486-9216-5F1E09C385FC}.Debug|Any CPU.ActiveCfg = Debug|Any CPU
		{83F44213-554C-4486-9216-5F1E09C385FC}.Debug|Any CPU.Build.0 = Debug|Any CPU
		{83F44213-554C-4486-9216-5F1E09C385FC}.Release|Any CPU.ActiveCfg = Release|Any CPU
		{83F44213-554C-4486-9216-5F1E09C385FC}.Release|Any CPU.Build.0 = Release|Any CPU
		{118B92EE-34B5-48C7-8F11-9CB74B24C8E7}.Debug|Any CPU.ActiveCfg = Debug|Any CPU
		{118B92EE-34B5-48C7-8F11-9CB74B24C8E7}.Debug|Any CPU.Build.0 = Debug|Any CPU
		{118B92EE-34B5-48C7-8F11-9CB74B24C8E7}.Release|Any CPU.ActiveCfg = Release|Any CPU
		{118B92EE-34B5-48C7-8F11-9CB74B24C8E7}.Release|Any CPU.Build.0 = Release|Any CPU
		{06BBB22F-2B52-4B89-8005-FDEEAD3BB36A}.Debug|Any CPU.ActiveCfg = Debug|Any CPU
		{06BBB22F-2B52-4B89-8005-FDEEAD3BB36A}.Debug|Any CPU.Build.0 = Debug|Any CPU
		{06BBB22F-2B52-4B89-8005-FDEEAD3BB36A}.Release|Any CPU.ActiveCfg = Release|Any CPU
		{06BBB22F-2B52-4B89-8005-FDEEAD3BB36A}.Release|Any CPU.Build.0 = Release|Any CPU
		{45292ADC-7D27-4385-A32F-284156E838AA}.Debug|Any CPU.ActiveCfg = Debug|Any CPU
		{45292ADC-7D27-4385-A32F-284156E838AA}.Debug|Any CPU.Build.0 = Debug|Any CPU
		{45292ADC-7D27-4385-A32F-284156E838AA}.Release|Any CPU.ActiveCfg = Release|Any CPU
		{45292ADC-7D27-4385-A32F-284156E838AA}.Release|Any CPU.Build.0 = Release|Any CPU
		{2460157E-BC6E-455F-AC4D-B6B0DB0F1ECA}.Debug|Any CPU.ActiveCfg = Debug|Any CPU
		{2460157E-BC6E-455F-AC4D-B6B0DB0F1ECA}.Debug|Any CPU.Build.0 = Debug|Any CPU
		{2460157E-BC6E-455F-AC4D-B6B0DB0F1ECA}.Release|Any CPU.ActiveCfg = Release|Any CPU
		{2460157E-BC6E-455F-AC4D-B6B0DB0F1ECA}.Release|Any CPU.Build.0 = Release|Any CPU
		{ADDFF44D-BE3E-4CB5-B324-6EB1003F5B72}.Debug|Any CPU.ActiveCfg = Debug|Any CPU
		{ADDFF44D-BE3E-4CB5-B324-6EB1003F5B72}.Debug|Any CPU.Build.0 = Debug|Any CPU
		{ADDFF44D-BE3E-4CB5-B324-6EB1003F5B72}.Release|Any CPU.ActiveCfg = Release|Any CPU
		{ADDFF44D-BE3E-4CB5-B324-6EB1003F5B72}.Release|Any CPU.Build.0 = Release|Any CPU
		{FB80FA3C-A01A-4E51-9E1B-54152DFC52DB}.Debug|Any CPU.ActiveCfg = Debug|Any CPU
		{FB80FA3C-A01A-4E51-9E1B-54152DFC52DB}.Debug|Any CPU.Build.0 = Debug|Any CPU
		{FB80FA3C-A01A-4E51-9E1B-54152DFC52DB}.Release|Any CPU.ActiveCfg = Release|Any CPU
		{FB80FA3C-A01A-4E51-9E1B-54152DFC52DB}.Release|Any CPU.Build.0 = Release|Any CPU
		{07D2AEC1-B664-4BBA-9E6E-498ACD3081A8}.Debug|Any CPU.ActiveCfg = Debug|Any CPU
		{07D2AEC1-B664-4BBA-9E6E-498ACD3081A8}.Debug|Any CPU.Build.0 = Debug|Any CPU
		{07D2AEC1-B664-4BBA-9E6E-498ACD3081A8}.Release|Any CPU.ActiveCfg = Release|Any CPU
		{07D2AEC1-B664-4BBA-9E6E-498ACD3081A8}.Release|Any CPU.Build.0 = Release|Any CPU
		{238B4D9F-D5BC-4C1C-9760-11B38C849652}.Debug|Any CPU.ActiveCfg = Debug|Any CPU
		{238B4D9F-D5BC-4C1C-9760-11B38C849652}.Debug|Any CPU.Build.0 = Debug|Any CPU
		{238B4D9F-D5BC-4C1C-9760-11B38C849652}.Release|Any CPU.ActiveCfg = Release|Any CPU
		{238B4D9F-D5BC-4C1C-9760-11B38C849652}.Release|Any CPU.Build.0 = Release|Any CPU
		{17A63E07-219A-41E1-B0ED-E1EE10E54DD0}.Debug|Any CPU.ActiveCfg = Debug|Any CPU
		{17A63E07-219A-41E1-B0ED-E1EE10E54DD0}.Debug|Any CPU.Build.0 = Debug|Any CPU
		{17A63E07-219A-41E1-B0ED-E1EE10E54DD0}.Release|Any CPU.ActiveCfg = Release|Any CPU
		{17A63E07-219A-41E1-B0ED-E1EE10E54DD0}.Release|Any CPU.Build.0 = Release|Any CPU
		{B431E6E8-23DD-4109-8098-FA0D77E5C15F}.Debug|Any CPU.ActiveCfg = Debug|Any CPU
		{B431E6E8-23DD-4109-8098-FA0D77E5C15F}.Debug|Any CPU.Build.0 = Debug|Any CPU
		{B431E6E8-23DD-4109-8098-FA0D77E5C15F}.Release|Any CPU.ActiveCfg = Release|Any CPU
		{B431E6E8-23DD-4109-8098-FA0D77E5C15F}.Release|Any CPU.Build.0 = Release|Any CPU
		{D2FBC0A6-8BDC-40DB-9A07-5CA4BAE46292}.Debug|Any CPU.ActiveCfg = Debug|Any CPU
		{D2FBC0A6-8BDC-40DB-9A07-5CA4BAE46292}.Debug|Any CPU.Build.0 = Debug|Any CPU
		{D2FBC0A6-8BDC-40DB-9A07-5CA4BAE46292}.Release|Any CPU.ActiveCfg = Release|Any CPU
		{D2FBC0A6-8BDC-40DB-9A07-5CA4BAE46292}.Release|Any CPU.Build.0 = Release|Any CPU
		{DBC2DBF0-7555-4E83-872B-B8205543EEF1}.Debug|Any CPU.ActiveCfg = Debug|Any CPU
		{DBC2DBF0-7555-4E83-872B-B8205543EEF1}.Debug|Any CPU.Build.0 = Debug|Any CPU
		{DBC2DBF0-7555-4E83-872B-B8205543EEF1}.Release|Any CPU.ActiveCfg = Release|Any CPU
		{DBC2DBF0-7555-4E83-872B-B8205543EEF1}.Release|Any CPU.Build.0 = Release|Any CPU
		{4B8F3856-3474-44D4-B538-6F3B86738FBB}.Debug|Any CPU.ActiveCfg = Debug|Any CPU
		{4B8F3856-3474-44D4-B538-6F3B86738FBB}.Debug|Any CPU.Build.0 = Debug|Any CPU
		{4B8F3856-3474-44D4-B538-6F3B86738FBB}.Release|Any CPU.ActiveCfg = Release|Any CPU
		{4B8F3856-3474-44D4-B538-6F3B86738FBB}.Release|Any CPU.Build.0 = Release|Any CPU
		{1291C9C3-F412-4EF2-9253-B0F48C0779B0}.Debug|Any CPU.ActiveCfg = Debug|Any CPU
		{1291C9C3-F412-4EF2-9253-B0F48C0779B0}.Debug|Any CPU.Build.0 = Debug|Any CPU
		{1291C9C3-F412-4EF2-9253-B0F48C0779B0}.Release|Any CPU.ActiveCfg = Release|Any CPU
		{1291C9C3-F412-4EF2-9253-B0F48C0779B0}.Release|Any CPU.Build.0 = Release|Any CPU
	EndGlobalSection
	GlobalSection(SolutionProperties) = preSolution
		HideSolutionNode = FALSE
	EndGlobalSection
EndGlobal
