
Microsoft Visual Studio Solution File, Format Version 12.00
# Visual Studio 15
VisualStudioVersion = 15.0.26730.16
MinimumVisualStudioVersion = 10.0.40219.1
Project("{9A19103F-16F7-4668-BE54-9A1E7A4F7556}") = "01-Largest Common End", "01-Largest Common End\01-Largest Common End.csproj", "{DE6A9C50-E6D1-4A84-9DE0-63D28677F2B3}"
EndProject
Project("{9A19103F-16F7-4668-BE54-9A1E7A4F7556}") = "02-Rotate and Sum", "02-Rotate and Sum\02-Rotate and Sum.csproj", "{33195697-5827-4D9B-94AF-5CF345804EB4}"
EndProject
Project("{9A19103F-16F7-4668-BE54-9A1E7A4F7556}") = "03-Fold and Sum", "03-Fold and Sum\03-Fold and Sum.csproj", "{61C164F8-CFAD-43EE-9BBA-7415E7B0360F}"
EndProject
Project("{9A19103F-16F7-4668-BE54-9A1E7A4F7556}") = "04-Sieve of Eratosthenes", "04-Sieve of Eratosthenes\04-Sieve of Eratosthenes.csproj", "{F34EDC19-DEDA-4DCC-B39D-12470384A704}"
EndProject
Project("{FAE04EC0-301F-11D3-BF4B-00C04F79EFBC}") = "05-Compare Char Arrays", "05-Compare Char Arrays\05-Compare Char Arrays.csproj", "{6C8C9EF9-D4F8-4AC1-9068-01078D8E4A75}"
EndProject
Project("{FAE04EC0-301F-11D3-BF4B-00C04F79EFBC}") = "06-Max Sequence of Equal Elements", "06-Max Sequence of Equal Elements\06-Max Sequence of Equal Elements.csproj", "{46254FEE-3B04-40EE-8949-FA12C59429A4}"
EndProject
Global
	GlobalSection(SolutionConfigurationPlatforms) = preSolution
		Debug|Any CPU = Debug|Any CPU
		Release|Any CPU = Release|Any CPU
	EndGlobalSection
	GlobalSection(ProjectConfigurationPlatforms) = postSolution
		{DE6A9C50-E6D1-4A84-9DE0-63D28677F2B3}.Debug|Any CPU.ActiveCfg = Debug|Any CPU
		{DE6A9C50-E6D1-4A84-9DE0-63D28677F2B3}.Debug|Any CPU.Build.0 = Debug|Any CPU
		{DE6A9C50-E6D1-4A84-9DE0-63D28677F2B3}.Release|Any CPU.ActiveCfg = Release|Any CPU
		{DE6A9C50-E6D1-4A84-9DE0-63D28677F2B3}.Release|Any CPU.Build.0 = Release|Any CPU
		{33195697-5827-4D9B-94AF-5CF345804EB4}.Debug|Any CPU.ActiveCfg = Debug|Any CPU
		{33195697-5827-4D9B-94AF-5CF345804EB4}.Debug|Any CPU.Build.0 = Debug|Any CPU
		{33195697-5827-4D9B-94AF-5CF345804EB4}.Release|Any CPU.ActiveCfg = Release|Any CPU
		{33195697-5827-4D9B-94AF-5CF345804EB4}.Release|Any CPU.Build.0 = Release|Any CPU
		{61C164F8-CFAD-43EE-9BBA-7415E7B0360F}.Debug|Any CPU.ActiveCfg = Debug|Any CPU
		{61C164F8-CFAD-43EE-9BBA-7415E7B0360F}.Debug|Any CPU.Build.0 = Debug|Any CPU
		{61C164F8-CFAD-43EE-9BBA-7415E7B0360F}.Release|Any CPU.ActiveCfg = Release|Any CPU
		{61C164F8-CFAD-43EE-9BBA-7415E7B0360F}.Release|Any CPU.Build.0 = Release|Any CPU
		{F34EDC19-DEDA-4DCC-B39D-12470384A704}.Debug|Any CPU.ActiveCfg = Debug|Any CPU
		{F34EDC19-DEDA-4DCC-B39D-12470384A704}.Debug|Any CPU.Build.0 = Debug|Any CPU
		{F34EDC19-DEDA-4DCC-B39D-12470384A704}.Release|Any CPU.ActiveCfg = Release|Any CPU
		{F34EDC19-DEDA-4DCC-B39D-12470384A704}.Release|Any CPU.Build.0 = Release|Any CPU
		{6C8C9EF9-D4F8-4AC1-9068-01078D8E4A75}.Debug|Any CPU.ActiveCfg = Debug|Any CPU
		{6C8C9EF9-D4F8-4AC1-9068-01078D8E4A75}.Debug|Any CPU.Build.0 = Debug|Any CPU
		{6C8C9EF9-D4F8-4AC1-9068-01078D8E4A75}.Release|Any CPU.ActiveCfg = Release|Any CPU
		{6C8C9EF9-D4F8-4AC1-9068-01078D8E4A75}.Release|Any CPU.Build.0 = Release|Any CPU
		{46254FEE-3B04-40EE-8949-FA12C59429A4}.Debug|Any CPU.ActiveCfg = Debug|Any CPU
		{46254FEE-3B04-40EE-8949-FA12C59429A4}.Debug|Any CPU.Build.0 = Debug|Any CPU
		{46254FEE-3B04-40EE-8949-FA12C59429A4}.Release|Any CPU.ActiveCfg = Release|Any CPU
		{46254FEE-3B04-40EE-8949-FA12C59429A4}.Release|Any CPU.Build.0 = Release|Any CPU
	EndGlobalSection
	GlobalSection(SolutionProperties) = preSolution
		HideSolutionNode = FALSE
	EndGlobalSection
	GlobalSection(ExtensibilityGlobals) = postSolution
		SolutionGuid = {2B1A2446-690C-45FB-825D-7252188A80DD}
	EndGlobalSection
EndGlobal
