
Microsoft Visual Studio Solution File, Format Version 12.00
# Visual Studio 15
VisualStudioVersion = 15.0.27004.2002
MinimumVisualStudioVersion = 10.0.40219.1
Project("{FAE04EC0-301F-11D3-BF4B-00C04F79EFBC}") = "01-Odd Lines", "01-Odd Lines\01-Odd Lines.csproj", "{4F5481C7-B33D-4ABC-9323-018FA46F1C8E}"
EndProject
Project("{FAE04EC0-301F-11D3-BF4B-00C04F79EFBC}") = "02-Line Numbers", "02-Line Numbers\02-Line Numbers.csproj", "{491270C7-F8AD-46BD-B7DB-510836A21943}"
EndProject
Project("{FAE04EC0-301F-11D3-BF4B-00C04F79EFBC}") = "03-Word Count", "03-Word Count\03-Word Count.csproj", "{970EB208-5007-47FA-B56E-1CD8C3A4C23A}"
EndProject
Global
	GlobalSection(SolutionConfigurationPlatforms) = preSolution
		Debug|Any CPU = Debug|Any CPU
		Release|Any CPU = Release|Any CPU
	EndGlobalSection
	GlobalSection(ProjectConfigurationPlatforms) = postSolution
		{4F5481C7-B33D-4ABC-9323-018FA46F1C8E}.Debug|Any CPU.ActiveCfg = Debug|Any CPU
		{4F5481C7-B33D-4ABC-9323-018FA46F1C8E}.Debug|Any CPU.Build.0 = Debug|Any CPU
		{4F5481C7-B33D-4ABC-9323-018FA46F1C8E}.Release|Any CPU.ActiveCfg = Release|Any CPU
		{4F5481C7-B33D-4ABC-9323-018FA46F1C8E}.Release|Any CPU.Build.0 = Release|Any CPU
		{491270C7-F8AD-46BD-B7DB-510836A21943}.Debug|Any CPU.ActiveCfg = Debug|Any CPU
		{491270C7-F8AD-46BD-B7DB-510836A21943}.Debug|Any CPU.Build.0 = Debug|Any CPU
		{491270C7-F8AD-46BD-B7DB-510836A21943}.Release|Any CPU.ActiveCfg = Release|Any CPU
		{491270C7-F8AD-46BD-B7DB-510836A21943}.Release|Any CPU.Build.0 = Release|Any CPU
		{970EB208-5007-47FA-B56E-1CD8C3A4C23A}.Debug|Any CPU.ActiveCfg = Debug|Any CPU
		{970EB208-5007-47FA-B56E-1CD8C3A4C23A}.Debug|Any CPU.Build.0 = Debug|Any CPU
		{970EB208-5007-47FA-B56E-1CD8C3A4C23A}.Release|Any CPU.ActiveCfg = Release|Any CPU
		{970EB208-5007-47FA-B56E-1CD8C3A4C23A}.Release|Any CPU.Build.0 = Release|Any CPU
	EndGlobalSection
	GlobalSection(SolutionProperties) = preSolution
		HideSolutionNode = FALSE
	EndGlobalSection
	GlobalSection(ExtensibilityGlobals) = postSolution
		SolutionGuid = {34CFEE2C-5FC1-4DB1-B67C-D4B20383A61E}
	EndGlobalSection
EndGlobal
