
Microsoft Visual Studio Solution File, Format Version 12.00
# Visual Studio 15
VisualStudioVersion = 15.0.27004.2006
MinimumVisualStudioVersion = 10.0.40219.1
Project("{FAE04EC0-301F-11D3-BF4B-00C04F79EFBC}") = "01-Hornet Wings", "01-Hornet Wings\01-Hornet Wings.csproj", "{D31AC584-A5F1-4312-8E00-29D43666B816}"
EndProject
Project("{FAE04EC0-301F-11D3-BF4B-00C04F79EFBC}") = "02-Hornet Comm", "02-Hornet Comm\02-Hornet Comm.csproj", "{10217EF4-9915-4833-8F8C-718A3908C87A}"
EndProject
Project("{FAE04EC0-301F-11D3-BF4B-00C04F79EFBC}") = "03-Hornet Assault", "03-Hornet Assault\03-Hornet Assault.csproj", "{F345E9F7-AC7E-4BB6-8DAA-EBD336C46AD2}"
EndProject
Global
	GlobalSection(SolutionConfigurationPlatforms) = preSolution
		Debug|Any CPU = Debug|Any CPU
		Release|Any CPU = Release|Any CPU
	EndGlobalSection
	GlobalSection(ProjectConfigurationPlatforms) = postSolution
		{D31AC584-A5F1-4312-8E00-29D43666B816}.Debug|Any CPU.ActiveCfg = Debug|Any CPU
		{D31AC584-A5F1-4312-8E00-29D43666B816}.Debug|Any CPU.Build.0 = Debug|Any CPU
		{D31AC584-A5F1-4312-8E00-29D43666B816}.Release|Any CPU.ActiveCfg = Release|Any CPU
		{D31AC584-A5F1-4312-8E00-29D43666B816}.Release|Any CPU.Build.0 = Release|Any CPU
		{10217EF4-9915-4833-8F8C-718A3908C87A}.Debug|Any CPU.ActiveCfg = Debug|Any CPU
		{10217EF4-9915-4833-8F8C-718A3908C87A}.Debug|Any CPU.Build.0 = Debug|Any CPU
		{10217EF4-9915-4833-8F8C-718A3908C87A}.Release|Any CPU.ActiveCfg = Release|Any CPU
		{10217EF4-9915-4833-8F8C-718A3908C87A}.Release|Any CPU.Build.0 = Release|Any CPU
		{F345E9F7-AC7E-4BB6-8DAA-EBD336C46AD2}.Debug|Any CPU.ActiveCfg = Debug|Any CPU
		{F345E9F7-AC7E-4BB6-8DAA-EBD336C46AD2}.Debug|Any CPU.Build.0 = Debug|Any CPU
		{F345E9F7-AC7E-4BB6-8DAA-EBD336C46AD2}.Release|Any CPU.ActiveCfg = Release|Any CPU
		{F345E9F7-AC7E-4BB6-8DAA-EBD336C46AD2}.Release|Any CPU.Build.0 = Release|Any CPU
	EndGlobalSection
	GlobalSection(SolutionProperties) = preSolution
		HideSolutionNode = FALSE
	EndGlobalSection
	GlobalSection(ExtensibilityGlobals) = postSolution
		SolutionGuid = {F0DD4FAB-E33F-43F8-A398-2FEC17C7CB7E}
	EndGlobalSection
EndGlobal
