
Microsoft Visual Studio Solution File, Format Version 12.00
# Visual Studio 15
VisualStudioVersion = 15.0.26730.16
MinimumVisualStudioVersion = 10.0.40219.1
Project("{FAE04EC0-301F-11D3-BF4B-00C04F79EFBC}") = "01-Centuries to Minutes", "01-Centuries to Minutes\01-Centuries to Minutes.csproj", "{72ED0F12-1C4C-4F43-B7B0-03471E4B7418}"
EndProject
Project("{FAE04EC0-301F-11D3-BF4B-00C04F79EFBC}") = "02-Circle Area (Precision 12)", "02-Circle Area (Precision 12)\02-Circle Area (Precision 12).csproj", "{33A0A80B-D49E-4256-BF32-18AA8E71C8B3}"
EndProject
Project("{FAE04EC0-301F-11D3-BF4B-00C04F79EFBC}") = "03-Exact Sum of Real Numbers", "03-Exact Sum of Real Numbers\03-Exact Sum of Real Numbers.csproj", "{16726C6D-D2CE-49CB-BB12-2F7C3A5B47A3}"
EndProject
Project("{FAE04EC0-301F-11D3-BF4B-00C04F79EFBC}") = "04-Elevator", "04-Elevator\04-Elevator.csproj", "{D861BB20-EB9E-4DDE-A02B-61EBC025C03C}"
EndProject
Project("{FAE04EC0-301F-11D3-BF4B-00C04F79EFBC}") = "05-Special Numbers", "05-Special Numbers\05-Special Numbers.csproj", "{82319DA4-5F98-4323-A573-C29C5FA2700D}"
EndProject
Project("{FAE04EC0-301F-11D3-BF4B-00C04F79EFBC}") = "06-Triples of Letters", "06-Triples of Letters\06-Triples of Letters.csproj", "{524D0B4E-401E-4726-965D-8CAADFBA59AD}"
EndProject
Project("{FAE04EC0-301F-11D3-BF4B-00C04F79EFBC}") = "07-Greeting", "07-Greeting\07-Greeting.csproj", "{C2745328-FB27-4DEB-8D78-56830CFAE777}"
EndProject
Project("{FAE04EC0-301F-11D3-BF4B-00C04F79EFBC}") = "08-Refactor Volume of Pyramid", "08-Refactor Volume of Pyramid\08-Refactor Volume of Pyramid.csproj", "{CE9FAB7B-383D-4616-994D-DBDA9174E05D}"
EndProject
Project("{FAE04EC0-301F-11D3-BF4B-00C04F79EFBC}") = "09-Refactor Special Numbers", "09-Refactor Special Numbers\09-Refactor Special Numbers.csproj", "{E60F3092-C61B-4448-B0A6-1408A2B76B23}"
EndProject
Global
	GlobalSection(SolutionConfigurationPlatforms) = preSolution
		Debug|Any CPU = Debug|Any CPU
		Release|Any CPU = Release|Any CPU
	EndGlobalSection
	GlobalSection(ProjectConfigurationPlatforms) = postSolution
		{72ED0F12-1C4C-4F43-B7B0-03471E4B7418}.Debug|Any CPU.ActiveCfg = Debug|Any CPU
		{72ED0F12-1C4C-4F43-B7B0-03471E4B7418}.Debug|Any CPU.Build.0 = Debug|Any CPU
		{72ED0F12-1C4C-4F43-B7B0-03471E4B7418}.Release|Any CPU.ActiveCfg = Release|Any CPU
		{72ED0F12-1C4C-4F43-B7B0-03471E4B7418}.Release|Any CPU.Build.0 = Release|Any CPU
		{33A0A80B-D49E-4256-BF32-18AA8E71C8B3}.Debug|Any CPU.ActiveCfg = Debug|Any CPU
		{33A0A80B-D49E-4256-BF32-18AA8E71C8B3}.Debug|Any CPU.Build.0 = Debug|Any CPU
		{33A0A80B-D49E-4256-BF32-18AA8E71C8B3}.Release|Any CPU.ActiveCfg = Release|Any CPU
		{33A0A80B-D49E-4256-BF32-18AA8E71C8B3}.Release|Any CPU.Build.0 = Release|Any CPU
		{16726C6D-D2CE-49CB-BB12-2F7C3A5B47A3}.Debug|Any CPU.ActiveCfg = Debug|Any CPU
		{16726C6D-D2CE-49CB-BB12-2F7C3A5B47A3}.Debug|Any CPU.Build.0 = Debug|Any CPU
		{16726C6D-D2CE-49CB-BB12-2F7C3A5B47A3}.Release|Any CPU.ActiveCfg = Release|Any CPU
		{16726C6D-D2CE-49CB-BB12-2F7C3A5B47A3}.Release|Any CPU.Build.0 = Release|Any CPU
		{D861BB20-EB9E-4DDE-A02B-61EBC025C03C}.Debug|Any CPU.ActiveCfg = Debug|Any CPU
		{D861BB20-EB9E-4DDE-A02B-61EBC025C03C}.Debug|Any CPU.Build.0 = Debug|Any CPU
		{D861BB20-EB9E-4DDE-A02B-61EBC025C03C}.Release|Any CPU.ActiveCfg = Release|Any CPU
		{D861BB20-EB9E-4DDE-A02B-61EBC025C03C}.Release|Any CPU.Build.0 = Release|Any CPU
		{82319DA4-5F98-4323-A573-C29C5FA2700D}.Debug|Any CPU.ActiveCfg = Debug|Any CPU
		{82319DA4-5F98-4323-A573-C29C5FA2700D}.Debug|Any CPU.Build.0 = Debug|Any CPU
		{82319DA4-5F98-4323-A573-C29C5FA2700D}.Release|Any CPU.ActiveCfg = Release|Any CPU
		{82319DA4-5F98-4323-A573-C29C5FA2700D}.Release|Any CPU.Build.0 = Release|Any CPU
		{524D0B4E-401E-4726-965D-8CAADFBA59AD}.Debug|Any CPU.ActiveCfg = Debug|Any CPU
		{524D0B4E-401E-4726-965D-8CAADFBA59AD}.Debug|Any CPU.Build.0 = Debug|Any CPU
		{524D0B4E-401E-4726-965D-8CAADFBA59AD}.Release|Any CPU.ActiveCfg = Release|Any CPU
		{524D0B4E-401E-4726-965D-8CAADFBA59AD}.Release|Any CPU.Build.0 = Release|Any CPU
		{C2745328-FB27-4DEB-8D78-56830CFAE777}.Debug|Any CPU.ActiveCfg = Debug|Any CPU
		{C2745328-FB27-4DEB-8D78-56830CFAE777}.Debug|Any CPU.Build.0 = Debug|Any CPU
		{C2745328-FB27-4DEB-8D78-56830CFAE777}.Release|Any CPU.ActiveCfg = Release|Any CPU
		{C2745328-FB27-4DEB-8D78-56830CFAE777}.Release|Any CPU.Build.0 = Release|Any CPU
		{CE9FAB7B-383D-4616-994D-DBDA9174E05D}.Debug|Any CPU.ActiveCfg = Debug|Any CPU
		{CE9FAB7B-383D-4616-994D-DBDA9174E05D}.Debug|Any CPU.Build.0 = Debug|Any CPU
		{CE9FAB7B-383D-4616-994D-DBDA9174E05D}.Release|Any CPU.ActiveCfg = Release|Any CPU
		{CE9FAB7B-383D-4616-994D-DBDA9174E05D}.Release|Any CPU.Build.0 = Release|Any CPU
		{E60F3092-C61B-4448-B0A6-1408A2B76B23}.Debug|Any CPU.ActiveCfg = Debug|Any CPU
		{E60F3092-C61B-4448-B0A6-1408A2B76B23}.Debug|Any CPU.Build.0 = Debug|Any CPU
		{E60F3092-C61B-4448-B0A6-1408A2B76B23}.Release|Any CPU.ActiveCfg = Release|Any CPU
		{E60F3092-C61B-4448-B0A6-1408A2B76B23}.Release|Any CPU.Build.0 = Release|Any CPU
	EndGlobalSection
	GlobalSection(SolutionProperties) = preSolution
		HideSolutionNode = FALSE
	EndGlobalSection
	GlobalSection(ExtensibilityGlobals) = postSolution
		SolutionGuid = {7819114F-30BE-4CC9-85AD-11E39470BBD9}
	EndGlobalSection
EndGlobal
