
Microsoft Visual Studio Solution File, Format Version 12.00
# Visual Studio 2013
VisualStudioVersion = 12.0.0.0
MinimumVisualStudioVersion = 10.0.0.1
Project("{FAE04EC0-301F-11D3-BF4B-00C04F79EFBC}") = "Problem1_X", "Problem1-X\Problem1-X.csproj", "{DF767FCE-474C-4A60-B348-03D7B0F3AE91}"
EndProject
Project("{FAE04EC0-301F-11D3-BF4B-00C04F79EFBC}") = "Problem2-Vapor-Store", "Problem2-Vapor-Store\Problem2-Vapor-Store.csproj", "{C7BDAD54-6DF6-4158-9F51-DD401CF1A48F}"
EndProject
Global
	GlobalSection(SolutionConfigurationPlatforms) = preSolution
		Debug|Any CPU = Debug|Any CPU
		Release|Any CPU = Release|Any CPU
	EndGlobalSection
	GlobalSection(ProjectConfigurationPlatforms) = postSolution
		{DF767FCE-474C-4A60-B348-03D7B0F3AE91}.Debug|Any CPU.ActiveCfg = Debug|Any CPU
		{DF767FCE-474C-4A60-B348-03D7B0F3AE91}.Debug|Any CPU.Build.0 = Debug|Any CPU
		{DF767FCE-474C-4A60-B348-03D7B0F3AE91}.Release|Any CPU.ActiveCfg = Release|Any CPU
		{DF767FCE-474C-4A60-B348-03D7B0F3AE91}.Release|Any CPU.Build.0 = Release|Any CPU
		{C7BDAD54-6DF6-4158-9F51-DD401CF1A48F}.Debug|Any CPU.ActiveCfg = Debug|Any CPU
		{C7BDAD54-6DF6-4158-9F51-DD401CF1A48F}.Debug|Any CPU.Build.0 = Debug|Any CPU
		{C7BDAD54-6DF6-4158-9F51-DD401CF1A48F}.Release|Any CPU.ActiveCfg = Release|Any CPU
		{C7BDAD54-6DF6-4158-9F51-DD401CF1A48F}.Release|Any CPU.Build.0 = Release|Any CPU
	EndGlobalSection
	GlobalSection(SolutionProperties) = preSolution
		HideSolutionNode = FALSE
	EndGlobalSection
EndGlobal
