
Microsoft Visual Studio Solution File, Format Version 12.00
# Visual Studio 15
VisualStudioVersion = 15.0.26730.16
MinimumVisualStudioVersion = 10.0.40219.1
Project("{FAE04EC0-301F-11D3-BF4B-00C04F79EFBC}") = "01-Day of Week", "01-Day of Week\01-Day of Week.csproj", "{433345B6-1E0C-4257-8F35-54B964455C59}"
EndProject
Project("{FAE04EC0-301F-11D3-BF4B-00C04F79EFBC}") = "02-Reverse Array of Integers", "02-Reverse Array of Integers\02-Reverse Array of Integers.csproj", "{D39687F6-9D67-4105-B534-E87DB85AF9BC}"
EndProject
Project("{FAE04EC0-301F-11D3-BF4B-00C04F79EFBC}") = "03-Last K Numbers Sums", "03-Last K Numbers Sums\03-Last K Numbers Sums.csproj", "{1D286C84-8376-460C-B425-55DA469E033C}"
EndProject
Global
	GlobalSection(SolutionConfigurationPlatforms) = preSolution
		Debug|Any CPU = Debug|Any CPU
		Release|Any CPU = Release|Any CPU
	EndGlobalSection
	GlobalSection(ProjectConfigurationPlatforms) = postSolution
		{433345B6-1E0C-4257-8F35-54B964455C59}.Debug|Any CPU.ActiveCfg = Debug|Any CPU
		{433345B6-1E0C-4257-8F35-54B964455C59}.Debug|Any CPU.Build.0 = Debug|Any CPU
		{433345B6-1E0C-4257-8F35-54B964455C59}.Release|Any CPU.ActiveCfg = Release|Any CPU
		{433345B6-1E0C-4257-8F35-54B964455C59}.Release|Any CPU.Build.0 = Release|Any CPU
		{D39687F6-9D67-4105-B534-E87DB85AF9BC}.Debug|Any CPU.ActiveCfg = Debug|Any CPU
		{D39687F6-9D67-4105-B534-E87DB85AF9BC}.Debug|Any CPU.Build.0 = Debug|Any CPU
		{D39687F6-9D67-4105-B534-E87DB85AF9BC}.Release|Any CPU.ActiveCfg = Release|Any CPU
		{D39687F6-9D67-4105-B534-E87DB85AF9BC}.Release|Any CPU.Build.0 = Release|Any CPU
		{1D286C84-8376-460C-B425-55DA469E033C}.Debug|Any CPU.ActiveCfg = Debug|Any CPU
		{1D286C84-8376-460C-B425-55DA469E033C}.Debug|Any CPU.Build.0 = Debug|Any CPU
		{1D286C84-8376-460C-B425-55DA469E033C}.Release|Any CPU.ActiveCfg = Release|Any CPU
		{1D286C84-8376-460C-B425-55DA469E033C}.Release|Any CPU.Build.0 = Release|Any CPU
	EndGlobalSection
	GlobalSection(SolutionProperties) = preSolution
		HideSolutionNode = FALSE
	EndGlobalSection
	GlobalSection(ExtensibilityGlobals) = postSolution
		SolutionGuid = {B0E0E267-8B4A-44FD-ABAE-E83BEB5C1D03}
	EndGlobalSection
EndGlobal
