
Microsoft Visual Studio Solution File, Format Version 12.00
# Visual Studio 15
VisualStudioVersion = 15.0.27004.2002
MinimumVisualStudioVersion = 10.0.40219.1
Project("{FAE04EC0-301F-11D3-BF4B-00C04F79EFBC}") = "01-Count Real Numbers", "01-Count Real Numbers\01-Count Real Numbers.csproj", "{C1F396DC-B4F9-4635-A0AD-446D10F3A989}"
EndProject
Project("{FAE04EC0-301F-11D3-BF4B-00C04F79EFBC}") = "02-Odd Occurrences", "02-Odd Occurrences\02-Odd Occurrences.csproj", "{36217B4B-C96A-48DD-B712-833810400435}"
EndProject
Project("{FAE04EC0-301F-11D3-BF4B-00C04F79EFBC}") = "03-Min, Max, Sum, Average", "03-Min, Max, Sum, Average\03-Min, Max, Sum, Average.csproj", "{22D2DAF4-907F-4D2F-83B4-68E92043D69F}"
EndProject
Project("{FAE04EC0-301F-11D3-BF4B-00C04F79EFBC}") = "04-Largest 3 Numbers", "04-Largest 3 Numbers\04-Largest 3 Numbers.csproj", "{7347FD04-EFFE-4DB3-9561-A2503A2D7304}"
EndProject
Project("{FAE04EC0-301F-11D3-BF4B-00C04F79EFBC}") = "05-Short Words Sorted", "05-Short Words Sorted\05-Short Words Sorted.csproj", "{068C1C17-0A38-4362-BF16-F5271BC255EB}"
EndProject
Project("{FAE04EC0-301F-11D3-BF4B-00C04F79EFBC}") = "06-Fold and Sum", "06-Fold and Sum\06-Fold and Sum.csproj", "{F2D9D962-026B-4C96-B26D-B13688AD65E9}"
EndProject
Global
	GlobalSection(SolutionConfigurationPlatforms) = preSolution
		Debug|Any CPU = Debug|Any CPU
		Release|Any CPU = Release|Any CPU
	EndGlobalSection
	GlobalSection(ProjectConfigurationPlatforms) = postSolution
		{C1F396DC-B4F9-4635-A0AD-446D10F3A989}.Debug|Any CPU.ActiveCfg = Debug|Any CPU
		{C1F396DC-B4F9-4635-A0AD-446D10F3A989}.Debug|Any CPU.Build.0 = Debug|Any CPU
		{C1F396DC-B4F9-4635-A0AD-446D10F3A989}.Release|Any CPU.ActiveCfg = Release|Any CPU
		{C1F396DC-B4F9-4635-A0AD-446D10F3A989}.Release|Any CPU.Build.0 = Release|Any CPU
		{36217B4B-C96A-48DD-B712-833810400435}.Debug|Any CPU.ActiveCfg = Debug|Any CPU
		{36217B4B-C96A-48DD-B712-833810400435}.Debug|Any CPU.Build.0 = Debug|Any CPU
		{36217B4B-C96A-48DD-B712-833810400435}.Release|Any CPU.ActiveCfg = Release|Any CPU
		{36217B4B-C96A-48DD-B712-833810400435}.Release|Any CPU.Build.0 = Release|Any CPU
		{22D2DAF4-907F-4D2F-83B4-68E92043D69F}.Debug|Any CPU.ActiveCfg = Debug|Any CPU
		{22D2DAF4-907F-4D2F-83B4-68E92043D69F}.Debug|Any CPU.Build.0 = Debug|Any CPU
		{22D2DAF4-907F-4D2F-83B4-68E92043D69F}.Release|Any CPU.ActiveCfg = Release|Any CPU
		{22D2DAF4-907F-4D2F-83B4-68E92043D69F}.Release|Any CPU.Build.0 = Release|Any CPU
		{7347FD04-EFFE-4DB3-9561-A2503A2D7304}.Debug|Any CPU.ActiveCfg = Debug|Any CPU
		{7347FD04-EFFE-4DB3-9561-A2503A2D7304}.Debug|Any CPU.Build.0 = Debug|Any CPU
		{7347FD04-EFFE-4DB3-9561-A2503A2D7304}.Release|Any CPU.ActiveCfg = Release|Any CPU
		{7347FD04-EFFE-4DB3-9561-A2503A2D7304}.Release|Any CPU.Build.0 = Release|Any CPU
		{068C1C17-0A38-4362-BF16-F5271BC255EB}.Debug|Any CPU.ActiveCfg = Debug|Any CPU
		{068C1C17-0A38-4362-BF16-F5271BC255EB}.Debug|Any CPU.Build.0 = Debug|Any CPU
		{068C1C17-0A38-4362-BF16-F5271BC255EB}.Release|Any CPU.ActiveCfg = Release|Any CPU
		{068C1C17-0A38-4362-BF16-F5271BC255EB}.Release|Any CPU.Build.0 = Release|Any CPU
		{F2D9D962-026B-4C96-B26D-B13688AD65E9}.Debug|Any CPU.ActiveCfg = Debug|Any CPU
		{F2D9D962-026B-4C96-B26D-B13688AD65E9}.Debug|Any CPU.Build.0 = Debug|Any CPU
		{F2D9D962-026B-4C96-B26D-B13688AD65E9}.Release|Any CPU.ActiveCfg = Release|Any CPU
		{F2D9D962-026B-4C96-B26D-B13688AD65E9}.Release|Any CPU.Build.0 = Release|Any CPU
	EndGlobalSection
	GlobalSection(SolutionProperties) = preSolution
		HideSolutionNode = FALSE
	EndGlobalSection
	GlobalSection(ExtensibilityGlobals) = postSolution
		SolutionGuid = {F0B76941-AC4C-43FA-AF38-CCB3103A0B95}
	EndGlobalSection
EndGlobal
