
Microsoft Visual Studio Solution File, Format Version 12.00
# Visual Studio 15
VisualStudioVersion = 15.0.26730.16
MinimumVisualStudioVersion = 10.0.40219.1
Project("{FAE04EC0-301F-11D3-BF4B-00C04F79EFBC}") = "01-Remove Negatives and Reverse", "01-Remove Negatives and Reverse\01-Remove Negatives and Reverse.csproj", "{D984BD87-B407-4738-A099-5129C33B3308}"
EndProject
Project("{FAE04EC0-301F-11D3-BF4B-00C04F79EFBC}") = "02-Append Lists", "02-Append Lists\02-Append Lists.csproj", "{98E60EFA-8B4C-427B-82A0-F45198AD8FAF}"
EndProject
Project("{FAE04EC0-301F-11D3-BF4B-00C04F79EFBC}") = "03-Sum Adjacent Equal Numbers", "03-Sum Adjacent Equal Numbers\03-Sum Adjacent Equal Numbers.csproj", "{884DAE47-90C0-4BC8-AE53-EFDBD518E98D}"
EndProject
Global
	GlobalSection(SolutionConfigurationPlatforms) = preSolution
		Debug|Any CPU = Debug|Any CPU
		Release|Any CPU = Release|Any CPU
	EndGlobalSection
	GlobalSection(ProjectConfigurationPlatforms) = postSolution
		{D984BD87-B407-4738-A099-5129C33B3308}.Debug|Any CPU.ActiveCfg = Debug|Any CPU
		{D984BD87-B407-4738-A099-5129C33B3308}.Debug|Any CPU.Build.0 = Debug|Any CPU
		{D984BD87-B407-4738-A099-5129C33B3308}.Release|Any CPU.ActiveCfg = Release|Any CPU
		{D984BD87-B407-4738-A099-5129C33B3308}.Release|Any CPU.Build.0 = Release|Any CPU
		{98E60EFA-8B4C-427B-82A0-F45198AD8FAF}.Debug|Any CPU.ActiveCfg = Debug|Any CPU
		{98E60EFA-8B4C-427B-82A0-F45198AD8FAF}.Debug|Any CPU.Build.0 = Debug|Any CPU
		{98E60EFA-8B4C-427B-82A0-F45198AD8FAF}.Release|Any CPU.ActiveCfg = Release|Any CPU
		{98E60EFA-8B4C-427B-82A0-F45198AD8FAF}.Release|Any CPU.Build.0 = Release|Any CPU
		{884DAE47-90C0-4BC8-AE53-EFDBD518E98D}.Debug|Any CPU.ActiveCfg = Debug|Any CPU
		{884DAE47-90C0-4BC8-AE53-EFDBD518E98D}.Debug|Any CPU.Build.0 = Debug|Any CPU
		{884DAE47-90C0-4BC8-AE53-EFDBD518E98D}.Release|Any CPU.ActiveCfg = Release|Any CPU
		{884DAE47-90C0-4BC8-AE53-EFDBD518E98D}.Release|Any CPU.Build.0 = Release|Any CPU
	EndGlobalSection
	GlobalSection(SolutionProperties) = preSolution
		HideSolutionNode = FALSE
	EndGlobalSection
	GlobalSection(ExtensibilityGlobals) = postSolution
		SolutionGuid = {69428E3D-741D-4864-8BFE-2949168002B4}
	EndGlobalSection
EndGlobal
