
Microsoft Visual Studio Solution File, Format Version 12.00
# Visual Studio 15
VisualStudioVersion = 15.0.26730.16
MinimumVisualStudioVersion = 10.0.40219.1
Project("{9A19103F-16F7-4668-BE54-9A1E7A4F7556}") = "01-Practice Integer Numbers", "01-Practice Integer Numbers\01-Practice Integer Numbers.csproj", "{D93FF858-F33C-4BAD-8032-CCD8C4256F6A}"
EndProject
Project("{9A19103F-16F7-4668-BE54-9A1E7A4F7556}") = "02-Practice Floating Point Numbers", "02-Practice Floating Point Numbers\02-Practice Floating Point Numbers.csproj", "{2ECD7A75-00DC-4DA6-ABBC-3AF1D221CE33}"
EndProject
Project("{9A19103F-16F7-4668-BE54-9A1E7A4F7556}") = "03-Practice Characters and Strings", "03-Practice Characters and Strings\03-Practice Characters and Strings.csproj", "{99FF72F9-7F07-4CCB-A9BB-2EC72C02C3B1}"
EndProject
Project("{9A19103F-16F7-4668-BE54-9A1E7A4F7556}") = "04-Variable in Hexadecimal Format", "04-Variable in Hexadecimal Format\04-Variable in Hexadecimal Format.csproj", "{F57B784A-9518-43D8-9D7F-971EBF7B92EF}"
EndProject
Project("{9A19103F-16F7-4668-BE54-9A1E7A4F7556}") = "05-Boolean Variable", "05-Boolean Variable\05-Boolean Variable.csproj", "{51F74863-61D6-49BD-9885-E6C0E725FFD5}"
EndProject
Project("{9A19103F-16F7-4668-BE54-9A1E7A4F7556}") = "06-Strings and Objects", "06-Strings and Objects\06-Strings and Objects.csproj", "{60178947-475B-470F-8720-52D9243B9770}"
EndProject
Project("{9A19103F-16F7-4668-BE54-9A1E7A4F7556}") = "07-Exchange Variable Values", "07-Exchange Variable Values\07-Exchange Variable Values.csproj", "{603BDEE7-AD35-4217-BBEC-E08F8A8B80F2}"
EndProject
Project("{9A19103F-16F7-4668-BE54-9A1E7A4F7556}") = "08-Employee Data", "08-Employee Data\08-Employee Data.csproj", "{3E73DF8E-E840-4DDF-9033-F84A13661C69}"
EndProject
Project("{9A19103F-16F7-4668-BE54-9A1E7A4F7556}") = "09-Reversed chars", "09-Reversed chars\09-Reversed chars.csproj", "{C5E5B5BD-5E03-4811-94B9-101E8A77DDED}"
EndProject
Project("{9A19103F-16F7-4668-BE54-9A1E7A4F7556}") = "10-Centuries to Nanoseconds", "10-Centuries to Nanoseconds\10-Centuries to Nanoseconds.csproj", "{F29EACCE-0120-4443-BDF9-26DD025EDF31}"
EndProject
Project("{9A19103F-16F7-4668-BE54-9A1E7A4F7556}") = "11-Convert Speed Units", "11-Convert Speed Units\11-Convert Speed Units.csproj", "{8333871A-ECF9-4220-925E-11739C813767}"
EndProject
Project("{9A19103F-16F7-4668-BE54-9A1E7A4F7556}") = "12-Rectangle Properties", "12-Rectangle Properties\12-Rectangle Properties.csproj", "{A4DB7FD1-F5EB-4BAE-8920-C5FE6A3F47FA}"
EndProject
Project("{9A19103F-16F7-4668-BE54-9A1E7A4F7556}") = "13-Vowel or Digit", "13-Vowel or Digit\13-Vowel or Digit.csproj", "{DEE96A39-7E89-4FFC-AE17-F8FB35F7F169}"
EndProject
Project("{9A19103F-16F7-4668-BE54-9A1E7A4F7556}") = "14-Integer to Hex and Binary", "14-Integer to Hex and Binary\14-Integer to Hex and Binary.csproj", "{C5356320-1436-4B03-AE0D-62A1567427E1}"
EndProject
Project("{9A19103F-16F7-4668-BE54-9A1E7A4F7556}") = "15-Fast Prime Checker - Refactor", "15-Fast Prime Checker - Refactor\15-Fast Prime Checker - Refactor.csproj", "{045F7220-1AAF-432F-86E7-22B654C23062}"
EndProject
Project("{9A19103F-16F7-4668-BE54-9A1E7A4F7556}") = "16-Comparing Floats", "16-Comparing Floats\16-Comparing Floats.csproj", "{71B546CC-521C-4F2F-A45B-51011099A6B7}"
EndProject
Project("{9A19103F-16F7-4668-BE54-9A1E7A4F7556}") = "17-Print Part of the ASCII Table", "17-Print Part of the ASCII Table\17-Print Part of the ASCII Table.csproj", "{D0448420-7E63-444D-9FF0-6CDBFE91F228}"
EndProject
Project("{9A19103F-16F7-4668-BE54-9A1E7A4F7556}") = "18-Different Integers Size", "18-Different Integers Size\18-Different Integers Size.csproj", "{6F87BE24-D952-4790-B0B6-68E8549D487B}"
EndProject
Project("{FAE04EC0-301F-11D3-BF4B-00C04F79EFBC}") = "19-Thea The Photographer", "19-Thea The Photographer\19-Thea The Photographer.csproj", "{70D71ACE-0B1B-4651-9119-F39D6DE8B842}"
EndProject
Global
	GlobalSection(SolutionConfigurationPlatforms) = preSolution
		Debug|Any CPU = Debug|Any CPU
		Release|Any CPU = Release|Any CPU
	EndGlobalSection
	GlobalSection(ProjectConfigurationPlatforms) = postSolution
		{D93FF858-F33C-4BAD-8032-CCD8C4256F6A}.Debug|Any CPU.ActiveCfg = Debug|Any CPU
		{D93FF858-F33C-4BAD-8032-CCD8C4256F6A}.Debug|Any CPU.Build.0 = Debug|Any CPU
		{D93FF858-F33C-4BAD-8032-CCD8C4256F6A}.Release|Any CPU.ActiveCfg = Release|Any CPU
		{D93FF858-F33C-4BAD-8032-CCD8C4256F6A}.Release|Any CPU.Build.0 = Release|Any CPU
		{2ECD7A75-00DC-4DA6-ABBC-3AF1D221CE33}.Debug|Any CPU.ActiveCfg = Debug|Any CPU
		{2ECD7A75-00DC-4DA6-ABBC-3AF1D221CE33}.Debug|Any CPU.Build.0 = Debug|Any CPU
		{2ECD7A75-00DC-4DA6-ABBC-3AF1D221CE33}.Release|Any CPU.ActiveCfg = Release|Any CPU
		{2ECD7A75-00DC-4DA6-ABBC-3AF1D221CE33}.Release|Any CPU.Build.0 = Release|Any CPU
		{99FF72F9-7F07-4CCB-A9BB-2EC72C02C3B1}.Debug|Any CPU.ActiveCfg = Debug|Any CPU
		{99FF72F9-7F07-4CCB-A9BB-2EC72C02C3B1}.Debug|Any CPU.Build.0 = Debug|Any CPU
		{99FF72F9-7F07-4CCB-A9BB-2EC72C02C3B1}.Release|Any CPU.ActiveCfg = Release|Any CPU
		{99FF72F9-7F07-4CCB-A9BB-2EC72C02C3B1}.Release|Any CPU.Build.0 = Release|Any CPU
		{F57B784A-9518-43D8-9D7F-971EBF7B92EF}.Debug|Any CPU.ActiveCfg = Debug|Any CPU
		{F57B784A-9518-43D8-9D7F-971EBF7B92EF}.Debug|Any CPU.Build.0 = Debug|Any CPU
		{F57B784A-9518-43D8-9D7F-971EBF7B92EF}.Release|Any CPU.ActiveCfg = Release|Any CPU
		{F57B784A-9518-43D8-9D7F-971EBF7B92EF}.Release|Any CPU.Build.0 = Release|Any CPU
		{51F74863-61D6-49BD-9885-E6C0E725FFD5}.Debug|Any CPU.ActiveCfg = Debug|Any CPU
		{51F74863-61D6-49BD-9885-E6C0E725FFD5}.Debug|Any CPU.Build.0 = Debug|Any CPU
		{51F74863-61D6-49BD-9885-E6C0E725FFD5}.Release|Any CPU.ActiveCfg = Release|Any CPU
		{51F74863-61D6-49BD-9885-E6C0E725FFD5}.Release|Any CPU.Build.0 = Release|Any CPU
		{60178947-475B-470F-8720-52D9243B9770}.Debug|Any CPU.ActiveCfg = Debug|Any CPU
		{60178947-475B-470F-8720-52D9243B9770}.Debug|Any CPU.Build.0 = Debug|Any CPU
		{60178947-475B-470F-8720-52D9243B9770}.Release|Any CPU.ActiveCfg = Release|Any CPU
		{60178947-475B-470F-8720-52D9243B9770}.Release|Any CPU.Build.0 = Release|Any CPU
		{603BDEE7-AD35-4217-BBEC-E08F8A8B80F2}.Debug|Any CPU.ActiveCfg = Debug|Any CPU
		{603BDEE7-AD35-4217-BBEC-E08F8A8B80F2}.Debug|Any CPU.Build.0 = Debug|Any CPU
		{603BDEE7-AD35-4217-BBEC-E08F8A8B80F2}.Release|Any CPU.ActiveCfg = Release|Any CPU
		{603BDEE7-AD35-4217-BBEC-E08F8A8B80F2}.Release|Any CPU.Build.0 = Release|Any CPU
		{3E73DF8E-E840-4DDF-9033-F84A13661C69}.Debug|Any CPU.ActiveCfg = Debug|Any CPU
		{3E73DF8E-E840-4DDF-9033-F84A13661C69}.Debug|Any CPU.Build.0 = Debug|Any CPU
		{3E73DF8E-E840-4DDF-9033-F84A13661C69}.Release|Any CPU.ActiveCfg = Release|Any CPU
		{3E73DF8E-E840-4DDF-9033-F84A13661C69}.Release|Any CPU.Build.0 = Release|Any CPU
		{C5E5B5BD-5E03-4811-94B9-101E8A77DDED}.Debug|Any CPU.ActiveCfg = Debug|Any CPU
		{C5E5B5BD-5E03-4811-94B9-101E8A77DDED}.Debug|Any CPU.Build.0 = Debug|Any CPU
		{C5E5B5BD-5E03-4811-94B9-101E8A77DDED}.Release|Any CPU.ActiveCfg = Release|Any CPU
		{C5E5B5BD-5E03-4811-94B9-101E8A77DDED}.Release|Any CPU.Build.0 = Release|Any CPU
		{F29EACCE-0120-4443-BDF9-26DD025EDF31}.Debug|Any CPU.ActiveCfg = Debug|Any CPU
		{F29EACCE-0120-4443-BDF9-26DD025EDF31}.Debug|Any CPU.Build.0 = Debug|Any CPU
		{F29EACCE-0120-4443-BDF9-26DD025EDF31}.Release|Any CPU.ActiveCfg = Release|Any CPU
		{F29EACCE-0120-4443-BDF9-26DD025EDF31}.Release|Any CPU.Build.0 = Release|Any CPU
		{8333871A-ECF9-4220-925E-11739C813767}.Debug|Any CPU.ActiveCfg = Debug|Any CPU
		{8333871A-ECF9-4220-925E-11739C813767}.Debug|Any CPU.Build.0 = Debug|Any CPU
		{8333871A-ECF9-4220-925E-11739C813767}.Release|Any CPU.ActiveCfg = Release|Any CPU
		{8333871A-ECF9-4220-925E-11739C813767}.Release|Any CPU.Build.0 = Release|Any CPU
		{A4DB7FD1-F5EB-4BAE-8920-C5FE6A3F47FA}.Debug|Any CPU.ActiveCfg = Debug|Any CPU
		{A4DB7FD1-F5EB-4BAE-8920-C5FE6A3F47FA}.Debug|Any CPU.Build.0 = Debug|Any CPU
		{A4DB7FD1-F5EB-4BAE-8920-C5FE6A3F47FA}.Release|Any CPU.ActiveCfg = Release|Any CPU
		{A4DB7FD1-F5EB-4BAE-8920-C5FE6A3F47FA}.Release|Any CPU.Build.0 = Release|Any CPU
		{DEE96A39-7E89-4FFC-AE17-F8FB35F7F169}.Debug|Any CPU.ActiveCfg = Debug|Any CPU
		{DEE96A39-7E89-4FFC-AE17-F8FB35F7F169}.Debug|Any CPU.Build.0 = Debug|Any CPU
		{DEE96A39-7E89-4FFC-AE17-F8FB35F7F169}.Release|Any CPU.ActiveCfg = Release|Any CPU
		{DEE96A39-7E89-4FFC-AE17-F8FB35F7F169}.Release|Any CPU.Build.0 = Release|Any CPU
		{C5356320-1436-4B03-AE0D-62A1567427E1}.Debug|Any CPU.ActiveCfg = Debug|Any CPU
		{C5356320-1436-4B03-AE0D-62A1567427E1}.Debug|Any CPU.Build.0 = Debug|Any CPU
		{C5356320-1436-4B03-AE0D-62A1567427E1}.Release|Any CPU.ActiveCfg = Release|Any CPU
		{C5356320-1436-4B03-AE0D-62A1567427E1}.Release|Any CPU.Build.0 = Release|Any CPU
		{045F7220-1AAF-432F-86E7-22B654C23062}.Debug|Any CPU.ActiveCfg = Debug|Any CPU
		{045F7220-1AAF-432F-86E7-22B654C23062}.Debug|Any CPU.Build.0 = Debug|Any CPU
		{045F7220-1AAF-432F-86E7-22B654C23062}.Release|Any CPU.ActiveCfg = Release|Any CPU
		{045F7220-1AAF-432F-86E7-22B654C23062}.Release|Any CPU.Build.0 = Release|Any CPU
		{71B546CC-521C-4F2F-A45B-51011099A6B7}.Debug|Any CPU.ActiveCfg = Debug|Any CPU
		{71B546CC-521C-4F2F-A45B-51011099A6B7}.Debug|Any CPU.Build.0 = Debug|Any CPU
		{71B546CC-521C-4F2F-A45B-51011099A6B7}.Release|Any CPU.ActiveCfg = Release|Any CPU
		{71B546CC-521C-4F2F-A45B-51011099A6B7}.Release|Any CPU.Build.0 = Release|Any CPU
		{D0448420-7E63-444D-9FF0-6CDBFE91F228}.Debug|Any CPU.ActiveCfg = Debug|Any CPU
		{D0448420-7E63-444D-9FF0-6CDBFE91F228}.Debug|Any CPU.Build.0 = Debug|Any CPU
		{D0448420-7E63-444D-9FF0-6CDBFE91F228}.Release|Any CPU.ActiveCfg = Release|Any CPU
		{D0448420-7E63-444D-9FF0-6CDBFE91F228}.Release|Any CPU.Build.0 = Release|Any CPU
		{6F87BE24-D952-4790-B0B6-68E8549D487B}.Debug|Any CPU.ActiveCfg = Debug|Any CPU
		{6F87BE24-D952-4790-B0B6-68E8549D487B}.Debug|Any CPU.Build.0 = Debug|Any CPU
		{6F87BE24-D952-4790-B0B6-68E8549D487B}.Release|Any CPU.ActiveCfg = Release|Any CPU
		{6F87BE24-D952-4790-B0B6-68E8549D487B}.Release|Any CPU.Build.0 = Release|Any CPU
		{70D71ACE-0B1B-4651-9119-F39D6DE8B842}.Debug|Any CPU.ActiveCfg = Debug|Any CPU
		{70D71ACE-0B1B-4651-9119-F39D6DE8B842}.Debug|Any CPU.Build.0 = Debug|Any CPU
		{70D71ACE-0B1B-4651-9119-F39D6DE8B842}.Release|Any CPU.ActiveCfg = Release|Any CPU
		{70D71ACE-0B1B-4651-9119-F39D6DE8B842}.Release|Any CPU.Build.0 = Release|Any CPU
	EndGlobalSection
	GlobalSection(SolutionProperties) = preSolution
		HideSolutionNode = FALSE
	EndGlobalSection
	GlobalSection(ExtensibilityGlobals) = postSolution
		SolutionGuid = {F471B916-CE68-4F12-B3E2-7EE0A6249BA6}
	EndGlobalSection
EndGlobal
